
Microsoft Visual Studio Solution File, Format Version 12.00
# Visual Studio 15
VisualStudioVersion = 15.0.26430.14
MinimumVisualStudioVersion = 10.0.40219.1
Project("{FAE04EC0-301F-11D3-BF4B-00C04F79EFBC}") = "EmployerArrivalTracker", "EmployerArrivalTracker\EmployerArrivalTracker.csproj", "{1266DBC2-E856-4C87-BD30-94A094B9342D}"
EndProject
Project("{FAE04EC0-301F-11D3-BF4B-00C04F79EFBC}") = "EmployerArrivalTracker.Tests", "EmployerArrivalTracker.Tests\EmployerArrivalTracker.Tests.csproj", "{3AE814D6-F86A-411B-8C40-D2AF7DC20ADA}"
EndProject
Global
	GlobalSection(SolutionConfigurationPlatforms) = preSolution
		Debug|Any CPU = Debug|Any CPU
		Release|Any CPU = Release|Any CPU
	EndGlobalSection
	GlobalSection(ProjectConfigurationPlatforms) = postSolution
		{1266DBC2-E856-4C87-BD30-94A094B9342D}.Debug|Any CPU.ActiveCfg = Debug|Any CPU
		{1266DBC2-E856-4C87-BD30-94A094B9342D}.Debug|Any CPU.Build.0 = Debug|Any CPU
		{1266DBC2-E856-4C87-BD30-94A094B9342D}.Release|Any CPU.ActiveCfg = Release|Any CPU
		{1266DBC2-E856-4C87-BD30-94A094B9342D}.Release|Any CPU.Build.0 = Release|Any CPU
		{3AE814D6-F86A-411B-8C40-D2AF7DC20ADA}.Debug|Any CPU.ActiveCfg = Debug|Any CPU
		{3AE814D6-F86A-411B-8C40-D2AF7DC20ADA}.Debug|Any CPU.Build.0 = Debug|Any CPU
		{3AE814D6-F86A-411B-8C40-D2AF7DC20ADA}.Release|Any CPU.ActiveCfg = Release|Any CPU
		{3AE814D6-F86A-411B-8C40-D2AF7DC20ADA}.Release|Any CPU.Build.0 = Release|Any CPU
	EndGlobalSection
	GlobalSection(SolutionProperties) = preSolution
		HideSolutionNode = FALSE
	EndGlobalSection
EndGlobal
